
Microsoft Visual Studio Solution File, Format Version 12.00
# Visual Studio Version 17
VisualStudioVersion = 17.5.33424.131
MinimumVisualStudioVersion = 10.0.40219.1
Project("{9A19103F-16F7-4668-BE54-9A1E7A4F7556}") = "Domain", "Domain\Domain.csproj", "{F773A83C-CC28-4C37-AEC6-1C21E8ACBCE7}"
EndProject
Project("{9A19103F-16F7-4668-BE54-9A1E7A4F7556}") = "Infrastructure", "Infrastructure\Infrastructure.csproj", "{4D41CA23-8BE2-4A00-8D29-D399F080F3D3}"
EndProject
Project("{9A19103F-16F7-4668-BE54-9A1E7A4F7556}") = "Application", "Application\Application.csproj", "{842933F5-D809-4C2B-B6D7-A80AEEE2F277}"
EndProject
Project("{2150E333-8FDC-42A3-9474-1A3956D46DE8}") = "Presentation", "Presentation", "{86BF01BC-CC60-4D96-9796-E5C58FE72B59}"
EndProject
Project("{FAE04EC0-301F-11D3-BF4B-00C04F79EFBC}") = "Web", "Presentation\Web\Web.csproj", "{CF50258F-1B5B-4CBA-856A-EC05F8A4FC2B}"
EndProject
Project("{FAE04EC0-301F-11D3-BF4B-00C04F79EFBC}") = "WebAPI", "Presentation\WebAPI\WebAPI.csproj", "{D01BFBD8-0993-409E-A381-0F736DDC0E8E}"
EndProject
Project("{FAE04EC0-301F-11D3-BF4B-00C04F79EFBC}") = "WPF", "Presentation\WPF\WPF.csproj", "{490F9241-6BF1-42F6-A66D-76F8709D00F4}"
EndProject
Global
	GlobalSection(SolutionConfigurationPlatforms) = preSolution
		Debug|Any CPU = Debug|Any CPU
		Release|Any CPU = Release|Any CPU
	EndGlobalSection
	GlobalSection(ProjectConfigurationPlatforms) = postSolution
		{F773A83C-CC28-4C37-AEC6-1C21E8ACBCE7}.Debug|Any CPU.ActiveCfg = Debug|Any CPU
		{F773A83C-CC28-4C37-AEC6-1C21E8ACBCE7}.Debug|Any CPU.Build.0 = Debug|Any CPU
		{F773A83C-CC28-4C37-AEC6-1C21E8ACBCE7}.Release|Any CPU.ActiveCfg = Release|Any CPU
		{F773A83C-CC28-4C37-AEC6-1C21E8ACBCE7}.Release|Any CPU.Build.0 = Release|Any CPU
		{4D41CA23-8BE2-4A00-8D29-D399F080F3D3}.Debug|Any CPU.ActiveCfg = Debug|Any CPU
		{4D41CA23-8BE2-4A00-8D29-D399F080F3D3}.Debug|Any CPU.Build.0 = Debug|Any CPU
		{4D41CA23-8BE2-4A00-8D29-D399F080F3D3}.Release|Any CPU.ActiveCfg = Release|Any CPU
		{4D41CA23-8BE2-4A00-8D29-D399F080F3D3}.Release|Any CPU.Build.0 = Release|Any CPU
		{842933F5-D809-4C2B-B6D7-A80AEEE2F277}.Debug|Any CPU.ActiveCfg = Debug|Any CPU
		{842933F5-D809-4C2B-B6D7-A80AEEE2F277}.Debug|Any CPU.Build.0 = Debug|Any CPU
		{842933F5-D809-4C2B-B6D7-A80AEEE2F277}.Release|Any CPU.ActiveCfg = Release|Any CPU
		{842933F5-D809-4C2B-B6D7-A80AEEE2F277}.Release|Any CPU.Build.0 = Release|Any CPU
		{CF50258F-1B5B-4CBA-856A-EC05F8A4FC2B}.Debug|Any CPU.ActiveCfg = Debug|Any CPU
		{CF50258F-1B5B-4CBA-856A-EC05F8A4FC2B}.Debug|Any CPU.Build.0 = Debug|Any CPU
		{CF50258F-1B5B-4CBA-856A-EC05F8A4FC2B}.Release|Any CPU.ActiveCfg = Release|Any CPU
		{CF50258F-1B5B-4CBA-856A-EC05F8A4FC2B}.Release|Any CPU.Build.0 = Release|Any CPU
		{D01BFBD8-0993-409E-A381-0F736DDC0E8E}.Debug|Any CPU.ActiveCfg = Debug|Any CPU
		{D01BFBD8-0993-409E-A381-0F736DDC0E8E}.Debug|Any CPU.Build.0 = Debug|Any CPU
		{D01BFBD8-0993-409E-A381-0F736DDC0E8E}.Release|Any CPU.ActiveCfg = Release|Any CPU
		{D01BFBD8-0993-409E-A381-0F736DDC0E8E}.Release|Any CPU.Build.0 = Release|Any CPU
		{490F9241-6BF1-42F6-A66D-76F8709D00F4}.Debug|Any CPU.ActiveCfg = Debug|Any CPU
		{490F9241-6BF1-42F6-A66D-76F8709D00F4}.Debug|Any CPU.Build.0 = Debug|Any CPU
		{490F9241-6BF1-42F6-A66D-76F8709D00F4}.Release|Any CPU.ActiveCfg = Release|Any CPU
		{490F9241-6BF1-42F6-A66D-76F8709D00F4}.Release|Any CPU.Build.0 = Release|Any CPU
	EndGlobalSection
	GlobalSection(SolutionProperties) = preSolution
		HideSolutionNode = FALSE
	EndGlobalSection
	GlobalSection(NestedProjects) = preSolution
		{CF50258F-1B5B-4CBA-856A-EC05F8A4FC2B} = {86BF01BC-CC60-4D96-9796-E5C58FE72B59}
		{D01BFBD8-0993-409E-A381-0F736DDC0E8E} = {86BF01BC-CC60-4D96-9796-E5C58FE72B59}
		{490F9241-6BF1-42F6-A66D-76F8709D00F4} = {86BF01BC-CC60-4D96-9796-E5C58FE72B59}
	EndGlobalSection
	GlobalSection(ExtensibilityGlobals) = postSolution
		SolutionGuid = {A103C08F-D4A1-4C73-93E4-9FF053433E59}
	EndGlobalSection
EndGlobal
