
Microsoft Visual Studio Solution File, Format Version 12.00
# Visual Studio Version 17
VisualStudioVersion = 17.5.33424.131
MinimumVisualStudioVersion = 10.0.40219.1
Project("{9A19103F-16F7-4668-BE54-9A1E7A4F7556}") = "Data", "Data\Data.csproj", "{F773A83C-CC28-4C37-AEC6-1C21E8ACBCE7}"
EndProject
Project("{9A19103F-16F7-4668-BE54-9A1E7A4F7556}") = "Application", "Application\Application.csproj", "{842933F5-D809-4C2B-B6D7-A80AEEE2F277}"
EndProject
Project("{2150E333-8FDC-42A3-9474-1A3956D46DE8}") = "Presentation", "Presentation", "{86BF01BC-CC60-4D96-9796-E5C58FE72B59}"
EndProject
Project("{9A19103F-16F7-4668-BE54-9A1E7A4F7556}") = "Images", "Images\Images.csproj", "{14EFEDB2-C423-438D-BC1B-F1EF9269EF3E}"
EndProject
Project("{9A19103F-16F7-4668-BE54-9A1E7A4F7556}") = "Gateway", "Gateway\Gateway.csproj", "{392BB528-51A7-4FC7-B36D-8821E143FA90}"
EndProject
Project("{2150E333-8FDC-42A3-9474-1A3956D46DE8}") = "API", "API", "{DFF10A16-151F-4B31-9BD1-DCD35250BC7B}"
EndProject
Project("{FAE04EC0-301F-11D3-BF4B-00C04F79EFBC}") = "Authentication", "Authentication\Authentication.csproj", "{B6BFF8FF-176D-4C35-8C64-0D88493060F0}"
EndProject
Project("{2150E333-8FDC-42A3-9474-1A3956D46DE8}") = "Infrastructure", "Infrastructure", "{9EC8C6D6-6084-4233-B29F-A3365FF89725}"
EndProject
Project("{FAE04EC0-301F-11D3-BF4B-00C04F79EFBC}") = "Database", "Database\Database.csproj", "{F697FD81-BA10-4123-BC0C-A6FB535868C8}"
EndProject
Project("{2150E333-8FDC-42A3-9474-1A3956D46DE8}") = "CDN", "CDN", "{686F0ED2-8D49-416D-9A2A-B18EFE4C5770}"
EndProject
Project("{2150E333-8FDC-42A3-9474-1A3956D46DE8}") = "Domain", "Domain", "{8B89DE1E-BA1D-4F86-AE4F-0FE0DE1581EB}"
EndProject
Project("{FAE04EC0-301F-11D3-BF4B-00C04F79EFBC}") = "Helpers", "Helpers\Helpers.csproj", "{B9B27192-402A-41E8-9B35-14D627D7E11C}"
EndProject
Global
	GlobalSection(SolutionConfigurationPlatforms) = preSolution
		Debug|Any CPU = Debug|Any CPU
		Release|Any CPU = Release|Any CPU
	EndGlobalSection
	GlobalSection(ProjectConfigurationPlatforms) = postSolution
		{F773A83C-CC28-4C37-AEC6-1C21E8ACBCE7}.Debug|Any CPU.ActiveCfg = Debug|Any CPU
		{F773A83C-CC28-4C37-AEC6-1C21E8ACBCE7}.Debug|Any CPU.Build.0 = Debug|Any CPU
		{F773A83C-CC28-4C37-AEC6-1C21E8ACBCE7}.Release|Any CPU.ActiveCfg = Release|Any CPU
		{F773A83C-CC28-4C37-AEC6-1C21E8ACBCE7}.Release|Any CPU.Build.0 = Release|Any CPU
		{842933F5-D809-4C2B-B6D7-A80AEEE2F277}.Debug|Any CPU.ActiveCfg = Debug|Any CPU
		{842933F5-D809-4C2B-B6D7-A80AEEE2F277}.Debug|Any CPU.Build.0 = Debug|Any CPU
		{842933F5-D809-4C2B-B6D7-A80AEEE2F277}.Release|Any CPU.ActiveCfg = Release|Any CPU
		{842933F5-D809-4C2B-B6D7-A80AEEE2F277}.Release|Any CPU.Build.0 = Release|Any CPU
		{14EFEDB2-C423-438D-BC1B-F1EF9269EF3E}.Debug|Any CPU.ActiveCfg = Debug|Any CPU
		{14EFEDB2-C423-438D-BC1B-F1EF9269EF3E}.Debug|Any CPU.Build.0 = Debug|Any CPU
		{14EFEDB2-C423-438D-BC1B-F1EF9269EF3E}.Release|Any CPU.ActiveCfg = Release|Any CPU
		{14EFEDB2-C423-438D-BC1B-F1EF9269EF3E}.Release|Any CPU.Build.0 = Release|Any CPU
		{392BB528-51A7-4FC7-B36D-8821E143FA90}.Debug|Any CPU.ActiveCfg = Debug|Any CPU
		{392BB528-51A7-4FC7-B36D-8821E143FA90}.Debug|Any CPU.Build.0 = Debug|Any CPU
		{392BB528-51A7-4FC7-B36D-8821E143FA90}.Release|Any CPU.ActiveCfg = Release|Any CPU
		{392BB528-51A7-4FC7-B36D-8821E143FA90}.Release|Any CPU.Build.0 = Release|Any CPU
		{B6BFF8FF-176D-4C35-8C64-0D88493060F0}.Debug|Any CPU.ActiveCfg = Debug|Any CPU
		{B6BFF8FF-176D-4C35-8C64-0D88493060F0}.Debug|Any CPU.Build.0 = Debug|Any CPU
		{B6BFF8FF-176D-4C35-8C64-0D88493060F0}.Release|Any CPU.ActiveCfg = Release|Any CPU
		{B6BFF8FF-176D-4C35-8C64-0D88493060F0}.Release|Any CPU.Build.0 = Release|Any CPU
		{F697FD81-BA10-4123-BC0C-A6FB535868C8}.Debug|Any CPU.ActiveCfg = Debug|Any CPU
		{F697FD81-BA10-4123-BC0C-A6FB535868C8}.Debug|Any CPU.Build.0 = Debug|Any CPU
		{F697FD81-BA10-4123-BC0C-A6FB535868C8}.Release|Any CPU.ActiveCfg = Release|Any CPU
		{F697FD81-BA10-4123-BC0C-A6FB535868C8}.Release|Any CPU.Build.0 = Release|Any CPU
		{B9B27192-402A-41E8-9B35-14D627D7E11C}.Debug|Any CPU.ActiveCfg = Debug|Any CPU
		{B9B27192-402A-41E8-9B35-14D627D7E11C}.Debug|Any CPU.Build.0 = Debug|Any CPU
		{B9B27192-402A-41E8-9B35-14D627D7E11C}.Release|Any CPU.ActiveCfg = Release|Any CPU
		{B9B27192-402A-41E8-9B35-14D627D7E11C}.Release|Any CPU.Build.0 = Release|Any CPU
	EndGlobalSection
	GlobalSection(SolutionProperties) = preSolution
		HideSolutionNode = FALSE
	EndGlobalSection
	GlobalSection(NestedProjects) = preSolution
		{392BB528-51A7-4FC7-B36D-8821E143FA90} = {DFF10A16-151F-4B31-9BD1-DCD35250BC7B}
		{B6BFF8FF-176D-4C35-8C64-0D88493060F0} = {DFF10A16-151F-4B31-9BD1-DCD35250BC7B}
		{F697FD81-BA10-4123-BC0C-A6FB535868C8} = {9EC8C6D6-6084-4233-B29F-A3365FF89725}
		{686F0ED2-8D49-416D-9A2A-B18EFE4C5770} = {DFF10A16-151F-4B31-9BD1-DCD35250BC7B}
		{14EFEDB2-C423-438D-BC1B-F1EF9269EF3E} = {686F0ED2-8D49-416D-9A2A-B18EFE4C5770}
		{F773A83C-CC28-4C37-AEC6-1C21E8ACBCE7} = {8B89DE1E-BA1D-4F86-AE4F-0FE0DE1581EB}
		{B9B27192-402A-41E8-9B35-14D627D7E11C} = {8B89DE1E-BA1D-4F86-AE4F-0FE0DE1581EB}
	EndGlobalSection
	GlobalSection(ExtensibilityGlobals) = postSolution
		SolutionGuid = {A103C08F-D4A1-4C73-93E4-9FF053433E59}
	EndGlobalSection
EndGlobal
